
Microsoft Visual Studio Solution File, Format Version 12.00
# Visual Studio Version 17
VisualStudioVersion = 17.14.36401.2 d17.14
MinimumVisualStudioVersion = 10.0.40219.1
Project("{FAE04EC0-301F-11D3-BF4B-00C04F79EFBC}") = "ClippyDo.Core", "ClippyDo.Core\ClippyDo.Core.csproj", "{94D15BB3-36C8-4E18-B80B-5CCFD3CE3364}"
EndProject
Global
	GlobalSection(SolutionConfigurationPlatforms) = preSolution
		Debug|Any CPU = Debug|Any CPU
		Release|Any CPU = Release|Any CPU
	EndGlobalSection
	GlobalSection(ProjectConfigurationPlatforms) = postSolution
		{94D15BB3-36C8-4E18-B80B-5CCFD3CE3364}.Debug|Any CPU.ActiveCfg = Debug|Any CPU
		{94D15BB3-36C8-4E18-B80B-5CCFD3CE3364}.Debug|Any CPU.Build.0 = Debug|Any CPU
		{94D15BB3-36C8-4E18-B80B-5CCFD3CE3364}.Release|Any CPU.ActiveCfg = Release|Any CPU
		{94D15BB3-36C8-4E18-B80B-5CCFD3CE3364}.Release|Any CPU.Build.0 = Release|Any CPU
	EndGlobalSection
	GlobalSection(SolutionProperties) = preSolution
		HideSolutionNode = FALSE
	EndGlobalSection
	GlobalSection(ExtensibilityGlobals) = postSolution
		SolutionGuid = {29BB8A4B-79B2-45B1-9BB2-B6DAD9FB136D}
	EndGlobalSection
EndGlobal
